PODS:
  - Alamofire (5.4.3)
  - Flutter (1.0.0)
  - LeanCloud/Foundation (17.9.1):
    - Alamofire (~> 5.4)
  - LeanCloud/RTM-no-local-storage (17.9.1):
    - LeanCloud/Foundation (= 17.9.1)
    - SwiftProtobuf (~> 1.17)
  - leancloud_official_plugin (0.0.1):
    - Flutter
    - LeanCloud/RTM-no-local-storage (~> 17.9)
  - SwiftProtobuf (1.17.0)

DEPENDENCIES:
  - Flutter (from `Flutter`)
  - leancloud_official_plugin (from `.symlinks/plugins/leancloud_official_plugin/ios`)

SPEC REPOS:
  trunk:
    - Alamofire
    - LeanCloud
    - SwiftProtobuf

EXTERNAL SOURCES:
  Flutter:
    :path: Flutter
  leancloud_official_plugin:
    :path: ".symlinks/plugins/leancloud_official_plugin/ios"

SPEC CHECKSUMS:
  Alamofire: e447a2774a40c996748296fa2c55112fdbbc42f9
  Flutter: 0e3d915762c693b495b44d77113d4970485de6ec
  LeanCloud: ef37ccb4eb5701792624552c449cb2a87abdded5
  leancloud_official_plugin: e28b53acff0a3901e3f29fa50b6b09a6f144cba1
  SwiftProtobuf: 9c85136c6ba74b0a1b84279dbf0f6db8efb714e0

PODFILE CHECKSUM: 5f76bcca94843d0bb879a81a1328495e26892d01

COCOAPODS: 1.11.2
